
Microsoft Visual Studio Solution File, Format Version 12.00
# Visual Studio 15
VisualStudioVersion = 15.0.27130.2020
MinimumVisualStudioVersion = 10.0.40219.1
Project("{FAE04EC0-301F-11D3-BF4B-00C04F79EFBC}") = "парсер умножение деление", "парсер умножение деление\парсер умножение деление.csproj", "{C88D56D2-9857-4CFE-8028-24DAFF3D5157}"
EndProject
Global
	GlobalSection(SolutionConfigurationPlatforms) = preSolution
		Debug|Any CPU = Debug|Any CPU
		Release|Any CPU = Release|Any CPU
	EndGlobalSection
	GlobalSection(ProjectConfigurationPlatforms) = postSolution
		{C88D56D2-9857-4CFE-8028-24DAFF3D5157}.Debug|Any CPU.ActiveCfg = Debug|Any CPU
		{C88D56D2-9857-4CFE-8028-24DAFF3D5157}.Debug|Any CPU.Build.0 = Debug|Any CPU
		{C88D56D2-9857-4CFE-8028-24DAFF3D5157}.Release|Any CPU.ActiveCfg = Release|Any CPU
		{C88D56D2-9857-4CFE-8028-24DAFF3D5157}.Release|Any CPU.Build.0 = Release|Any CPU
	EndGlobalSection
	GlobalSection(SolutionProperties) = preSolution
		HideSolutionNode = FALSE
	EndGlobalSection
	GlobalSection(ExtensibilityGlobals) = postSolution
		SolutionGuid = {E9A915BF-34CB-462D-8098-90B3E2E42C76}
	EndGlobalSection
EndGlobal
